
Microsoft Visual Studio Solution File, Format Version 12.00
# Visual Studio 15
VisualStudioVersion = 15.0.27130.2036
MinimumVisualStudioVersion = 10.0.40219.1
Project("{8BC9CEB8-8B4A-11D0-8D11-00A0C91BC942}") = "GlutDemo", "GlutDemo\GlutDemo.vcxproj", "{7C43E55C-5097-4F7F-90A6-C7C2B5816883}"
EndProject
Global
	GlobalSection(SolutionConfigurationPlatforms) = preSolution
		Debug|x64 = Debug|x64
		Debug|x86 = Debug|x86
		Release|x64 = Release|x64
		Release|x86 = Release|x86
	EndGlobalSection
	GlobalSection(ProjectConfigurationPlatforms) = postSolution
		{7C43E55C-5097-4F7F-90A6-C7C2B5816883}.Debug|x64.ActiveCfg = Debug|x64
		{7C43E55C-5097-4F7F-90A6-C7C2B5816883}.Debug|x64.Build.0 = Debug|x64
		{7C43E55C-5097-4F7F-90A6-C7C2B5816883}.Debug|x86.ActiveCfg = Debug|Win32
		{7C43E55C-5097-4F7F-90A6-C7C2B5816883}.Debug|x86.Build.0 = Debug|Win32
		{7C43E55C-5097-4F7F-90A6-C7C2B5816883}.Release|x64.ActiveCfg = Release|x64
		{7C43E55C-5097-4F7F-90A6-C7C2B5816883}.Release|x64.Build.0 = Release|x64
		{7C43E55C-5097-4F7F-90A6-C7C2B5816883}.Release|x86.ActiveCfg = Release|Win32
		{7C43E55C-5097-4F7F-90A6-C7C2B5816883}.Release|x86.Build.0 = Release|Win32
	EndGlobalSection
	GlobalSection(SolutionProperties) = preSolution
		HideSolutionNode = FALSE
	EndGlobalSection
	GlobalSection(ExtensibilityGlobals) = postSolution
		SolutionGuid = {83A939CB-4CE1-462A-A08C-29E4DA7DFCF9}
	EndGlobalSection
EndGlobal
